
Microsoft Visual Studio Solution File, Format Version 12.00
# Visual Studio Version 17
VisualStudioVersion = 17.7.34202.233
MinimumVisualStudioVersion = 10.0.40219.1
Project("{2150E333-8FDC-42A3-9474-1A3956D46DE8}") = "Task0", "Task0", "{CBDF9BC3-ADBB-41EE-BBDB-D6F1B6E912E2}"
EndProject
Project("{FAE04EC0-301F-11D3-BF4B-00C04F79EFBC}") = "Tyuiu.ShayahmetovRR.Sprint6.Task0.V12.Lib", "Tyuiu.ShayahmetovRR.Sprint6.Task0.V12.Lib\Tyuiu.ShayahmetovRR.Sprint6.Task0.V12.Lib.csproj", "{488388AF-C252-43AF-A529-EE986ACBF81A}"
EndProject
Project("{FAE04EC0-301F-11D3-BF4B-00C04F79EFBC}") = "Tyuiu.ShayahmetovRR.Sprint6.Task0.V12.Test", "Tyuiu.ShayahmetovRR.Sprint6.Task0.V12.Test\Tyuiu.ShayahmetovRR.Sprint6.Task0.V12.Test.csproj", "{56A76E53-696F-42A6-9D77-2D6C77984E2E}"
EndProject
Project("{FAE04EC0-301F-11D3-BF4B-00C04F79EFBC}") = "Tyuiu.ShayahmetovRR.Sprint6.Task0.V12", "Tyuiu.ShayahmetovRR.Sprint6.Task0.V12\Tyuiu.ShayahmetovRR.Sprint6.Task0.V12.csproj", "{12EA1BF8-E86D-48B1-9B53-2198E1CA1C89}"
EndProject
Project("{2150E333-8FDC-42A3-9474-1A3956D46DE8}") = "Task1", "Task1", "{34E15241-3C83-47B9-B21E-7914D7498A66}"
EndProject
Project("{FAE04EC0-301F-11D3-BF4B-00C04F79EFBC}") = "Tyuiu.ShayahmetovRR.Sprint6.Task1.V30.Lib", "Tyuiu.ShayahmetovRR.Sprint6.Task1.V30.Lib\Tyuiu.ShayahmetovRR.Sprint6.Task1.V30.Lib.csproj", "{9DE5DF78-41FA-47A5-8649-6F5098F350B1}"
EndProject
Project("{FAE04EC0-301F-11D3-BF4B-00C04F79EFBC}") = "Tyuiu.ShayahmetovRR.Sprint6.Task1.V30.Test", "Tyuiu.ShayahmetovRR.Sprint6.Task1.V30.Test\Tyuiu.ShayahmetovRR.Sprint6.Task1.V30.Test.csproj", "{D90BE41A-2659-4CED-8152-250BB281BF82}"
EndProject
Project("{FAE04EC0-301F-11D3-BF4B-00C04F79EFBC}") = "Tyuiu.ShayahmetovRR.Sprint6.Task1.V30", "Tyuiu.ShayahmetovRR.Sprint6.Task1.V30\Tyuiu.ShayahmetovRR.Sprint6.Task1.V30.csproj", "{B1C69F00-548A-4755-B906-65E3D551ED8B}"
EndProject
Project("{2150E333-8FDC-42A3-9474-1A3956D46DE8}") = "Task2", "Task2", "{30D1C336-C2D4-4D0C-892F-B264952A1088}"
EndProject
Project("{FAE04EC0-301F-11D3-BF4B-00C04F79EFBC}") = "Tyuiu.ShayahmetovRR.Sprint6.Task2.V15.Lib", "Tyuiu.ShayahmetovRR.Sprint6.Task2.V15.Lib\Tyuiu.ShayahmetovRR.Sprint6.Task2.V15.Lib.csproj", "{C3EB9710-DFB9-4A07-821A-3CAFF35926B0}"
EndProject
Project("{FAE04EC0-301F-11D3-BF4B-00C04F79EFBC}") = "Tyuiu.ShayahmetovRR.Sprint6.Task2.V15.Test", "Tyuiu.ShayahmetovRR.Sprint6.Task2.V15.Test\Tyuiu.ShayahmetovRR.Sprint6.Task2.V15.Test.csproj", "{2F3393CF-BDED-4D5B-B7F9-00E649AFA6AF}"
EndProject
Project("{FAE04EC0-301F-11D3-BF4B-00C04F79EFBC}") = "Tyuiu.ShayahmetovRR.Sprint6.Task2.V15", "Tyuiu.ShayahmetovRR.Sprint6.Task2.V15\Tyuiu.ShayahmetovRR.Sprint6.Task2.V15.csproj", "{27FF0E05-EB95-480A-94E7-DBB29F51DAB0}"
EndProject
Project("{2150E333-8FDC-42A3-9474-1A3956D46DE8}") = "Task3", "Task3", "{D81FFF14-E3B2-417C-B9A4-1017F38672CE}"
EndProject
Project("{FAE04EC0-301F-11D3-BF4B-00C04F79EFBC}") = "Tyuiu.ShayahmetovRR.Sprint6.Task3.V26.Lib", "Tyuiu.ShayahmetovRR.Sprint6.Task3.V26.Lib\Tyuiu.ShayahmetovRR.Sprint6.Task3.V26.Lib.csproj", "{8B7A2BC8-9CD7-4ED6-ABAC-F84F12DD0AA9}"
EndProject
Project("{FAE04EC0-301F-11D3-BF4B-00C04F79EFBC}") = "Tyuiu.ShayahmetovRR.Sprint6.Task3.V26.Test", "Tyuiu.ShayahmetovRR.Sprint6.Task3.V26.Test\Tyuiu.ShayahmetovRR.Sprint6.Task3.V26.Test.csproj", "{230456E9-9B4C-4FE2-9E40-5710DBB993AF}"
EndProject
Project("{FAE04EC0-301F-11D3-BF4B-00C04F79EFBC}") = "Tyuiu.ShayahmetovRR.Sprint6.Task3.V26", "Tyuiu.ShayahmetovRR.Sprint6.Task3.V26\Tyuiu.ShayahmetovRR.Sprint6.Task3.V26.csproj", "{1A16DE03-8040-4A5E-84BC-FB6130F8F122}"
EndProject
Project("{2150E333-8FDC-42A3-9474-1A3956D46DE8}") = "Task4", "Task4", "{EBF3A453-6641-4921-BF31-EAE08D83E79F}"
EndProject
Project("{FAE04EC0-301F-11D3-BF4B-00C04F79EFBC}") = "Tyuiu.ShayahmetovRR.Sprint6.Task4.V19.Lib", "Tyuiu.ShayahmetovRR.Sprint6.Task4.V19.Lib\Tyuiu.ShayahmetovRR.Sprint6.Task4.V19.Lib.csproj", "{BD41A7EA-A72B-4DC5-9DB1-30731D0E8FD4}"
EndProject
Project("{FAE04EC0-301F-11D3-BF4B-00C04F79EFBC}") = "Tyuiu.ShayahmetovRR.Sprint6.Task4.V19.Test", "Tyuiu.ShayahmetovRR.Sprint6.Task4.V19.Test\Tyuiu.ShayahmetovRR.Sprint6.Task4.V19.Test.csproj", "{D3428312-1AC3-468B-AA02-E3373F4D3862}"
EndProject
Project("{FAE04EC0-301F-11D3-BF4B-00C04F79EFBC}") = "Tyuiu.ShayahmetovRR.Sprint6.Task4.V19", "Tyuiu.ShayahmetovRR.Sprint6.Task4.V19\Tyuiu.ShayahmetovRR.Sprint6.Task4.V19.csproj", "{9008D88E-F446-4406-ADC5-2A44033E8077}"
EndProject
Project("{2150E333-8FDC-42A3-9474-1A3956D46DE8}") = "Task5", "Task5", "{649926FA-8272-4CFD-BDC2-41AE03DCF573}"
EndProject
Project("{FAE04EC0-301F-11D3-BF4B-00C04F79EFBC}") = "Tyuiu.ShayahmetovRR.Sprint6.Task5.V20.Lib", "Tyuiu.ShayahmetovRR.Sprint6.Task5.V20.Lib\Tyuiu.ShayahmetovRR.Sprint6.Task5.V20.Lib.csproj", "{08DECFE6-7C0F-4445-A6D0-6107BD1A537C}"
EndProject
Project("{FAE04EC0-301F-11D3-BF4B-00C04F79EFBC}") = "Tyuiu.ShayahmetovRR.Sprint6.Task5.V20.Test", "Tyuiu.ShayahmetovRR.Sprint6.Task5.V20.Test\Tyuiu.ShayahmetovRR.Sprint6.Task5.V20.Test.csproj", "{F28AF96E-6426-49EC-A04B-743DC0E03493}"
EndProject
Project("{FAE04EC0-301F-11D3-BF4B-00C04F79EFBC}") = "Tyuiu.ShayahmetovRR.Sprint6.Task5.V20", "Tyuiu.ShayahmetovRR.Sprint6.Task5.V20\Tyuiu.ShayahmetovRR.Sprint6.Task5.V20.csproj", "{0B966775-64E4-48E4-9197-800B292090A1}"
EndProject
Project("{2150E333-8FDC-42A3-9474-1A3956D46DE8}") = "Task6", "Task6", "{3733DCA0-E868-4FAA-9090-6C8FB4C2C15E}"
EndProject
Project("{FAE04EC0-301F-11D3-BF4B-00C04F79EFBC}") = "Tyuiu.ShayahmetovRR.Sprint6.Task6.V16.Lib", "Tyuiu.ShayahmetovRR.Sprint6.Task6.V16.Lib\Tyuiu.ShayahmetovRR.Sprint6.Task6.V16.Lib.csproj", "{153AD1C3-1819-4507-ACBB-F96A3826127F}"
EndProject
Project("{FAE04EC0-301F-11D3-BF4B-00C04F79EFBC}") = "Tyuiu.ShayahmetovRR.Sprint6.Task6.V16.Test", "Tyuiu.ShayahmetovRR.Sprint6.Task6.V16.Test\Tyuiu.ShayahmetovRR.Sprint6.Task6.V16.Test.csproj", "{2CB69AB2-6922-4C4F-93B2-95541FF9A471}"
EndProject
Project("{FAE04EC0-301F-11D3-BF4B-00C04F79EFBC}") = "Tyuiu.ShayahmetovRR.Sprint6.Task6.V16", "Tyuiu.ShayahmetovRR.Sprint6.Task6.V16\Tyuiu.ShayahmetovRR.Sprint6.Task6.V16.csproj", "{20A53BDC-8F97-410B-A8FD-1DB2710F3406}"
EndProject
Global
	GlobalSection(SolutionConfigurationPlatforms) = preSolution
		Debug|Any CPU = Debug|Any CPU
		Release|Any CPU = Release|Any CPU
	EndGlobalSection
	GlobalSection(ProjectConfigurationPlatforms) = postSolution
		{488388AF-C252-43AF-A529-EE986ACBF81A}.Debug|Any CPU.ActiveCfg = Debug|Any CPU
		{488388AF-C252-43AF-A529-EE986ACBF81A}.Debug|Any CPU.Build.0 = Debug|Any CPU
		{488388AF-C252-43AF-A529-EE986ACBF81A}.Release|Any CPU.ActiveCfg = Release|Any CPU
		{488388AF-C252-43AF-A529-EE986ACBF81A}.Release|Any CPU.Build.0 = Release|Any CPU
		{56A76E53-696F-42A6-9D77-2D6C77984E2E}.Debug|Any CPU.ActiveCfg = Debug|Any CPU
		{56A76E53-696F-42A6-9D77-2D6C77984E2E}.Debug|Any CPU.Build.0 = Debug|Any CPU
		{56A76E53-696F-42A6-9D77-2D6C77984E2E}.Release|Any CPU.ActiveCfg = Release|Any CPU
		{56A76E53-696F-42A6-9D77-2D6C77984E2E}.Release|Any CPU.Build.0 = Release|Any CPU
		{12EA1BF8-E86D-48B1-9B53-2198E1CA1C89}.Debug|Any CPU.ActiveCfg = Debug|Any CPU
		{12EA1BF8-E86D-48B1-9B53-2198E1CA1C89}.Debug|Any CPU.Build.0 = Debug|Any CPU
		{12EA1BF8-E86D-48B1-9B53-2198E1CA1C89}.Release|Any CPU.ActiveCfg = Release|Any CPU
		{12EA1BF8-E86D-48B1-9B53-2198E1CA1C89}.Release|Any CPU.Build.0 = Release|Any CPU
		{9DE5DF78-41FA-47A5-8649-6F5098F350B1}.Debug|Any CPU.ActiveCfg = Debug|Any CPU
		{9DE5DF78-41FA-47A5-8649-6F5098F350B1}.Debug|Any CPU.Build.0 = Debug|Any CPU
		{9DE5DF78-41FA-47A5-8649-6F5098F350B1}.Release|Any CPU.ActiveCfg = Release|Any CPU
		{9DE5DF78-41FA-47A5-8649-6F5098F350B1}.Release|Any CPU.Build.0 = Release|Any CPU
		{D90BE41A-2659-4CED-8152-250BB281BF82}.Debug|Any CPU.ActiveCfg = Debug|Any CPU
		{D90BE41A-2659-4CED-8152-250BB281BF82}.Debug|Any CPU.Build.0 = Debug|Any CPU
		{D90BE41A-2659-4CED-8152-250BB281BF82}.Release|Any CPU.ActiveCfg = Release|Any CPU
		{D90BE41A-2659-4CED-8152-250BB281BF82}.Release|Any CPU.Build.0 = Release|Any CPU
		{B1C69F00-548A-4755-B906-65E3D551ED8B}.Debug|Any CPU.ActiveCfg = Debug|Any CPU
		{B1C69F00-548A-4755-B906-65E3D551ED8B}.Debug|Any CPU.Build.0 = Debug|Any CPU
		{B1C69F00-548A-4755-B906-65E3D551ED8B}.Release|Any CPU.ActiveCfg = Release|Any CPU
		{B1C69F00-548A-4755-B906-65E3D551ED8B}.Release|Any CPU.Build.0 = Release|Any CPU
		{C3EB9710-DFB9-4A07-821A-3CAFF35926B0}.Debug|Any CPU.ActiveCfg = Debug|Any CPU
		{C3EB9710-DFB9-4A07-821A-3CAFF35926B0}.Debug|Any CPU.Build.0 = Debug|Any CPU
		{C3EB9710-DFB9-4A07-821A-3CAFF35926B0}.Release|Any CPU.ActiveCfg = Release|Any CPU
		{C3EB9710-DFB9-4A07-821A-3CAFF35926B0}.Release|Any CPU.Build.0 = Release|Any CPU
		{2F3393CF-BDED-4D5B-B7F9-00E649AFA6AF}.Debug|Any CPU.ActiveCfg = Debug|Any CPU
		{2F3393CF-BDED-4D5B-B7F9-00E649AFA6AF}.Debug|Any CPU.Build.0 = Debug|Any CPU
		{2F3393CF-BDED-4D5B-B7F9-00E649AFA6AF}.Release|Any CPU.ActiveCfg = Release|Any CPU
		{2F3393CF-BDED-4D5B-B7F9-00E649AFA6AF}.Release|Any CPU.Build.0 = Release|Any CPU
		{27FF0E05-EB95-480A-94E7-DBB29F51DAB0}.Debug|Any CPU.ActiveCfg = Debug|Any CPU
		{27FF0E05-EB95-480A-94E7-DBB29F51DAB0}.Debug|Any CPU.Build.0 = Debug|Any CPU
		{27FF0E05-EB95-480A-94E7-DBB29F51DAB0}.Release|Any CPU.ActiveCfg = Release|Any CPU
		{27FF0E05-EB95-480A-94E7-DBB29F51DAB0}.Release|Any CPU.Build.0 = Release|Any CPU
		{8B7A2BC8-9CD7-4ED6-ABAC-F84F12DD0AA9}.Debug|Any CPU.ActiveCfg = Debug|Any CPU
		{8B7A2BC8-9CD7-4ED6-ABAC-F84F12DD0AA9}.Debug|Any CPU.Build.0 = Debug|Any CPU
		{8B7A2BC8-9CD7-4ED6-ABAC-F84F12DD0AA9}.Release|Any CPU.ActiveCfg = Release|Any CPU
		{8B7A2BC8-9CD7-4ED6-ABAC-F84F12DD0AA9}.Release|Any CPU.Build.0 = Release|Any CPU
		{230456E9-9B4C-4FE2-9E40-5710DBB993AF}.Debug|Any CPU.ActiveCfg = Debug|Any CPU
		{230456E9-9B4C-4FE2-9E40-5710DBB993AF}.Debug|Any CPU.Build.0 = Debug|Any CPU
		{230456E9-9B4C-4FE2-9E40-5710DBB993AF}.Release|Any CPU.ActiveCfg = Release|Any CPU
		{230456E9-9B4C-4FE2-9E40-5710DBB993AF}.Release|Any CPU.Build.0 = Release|Any CPU
		{1A16DE03-8040-4A5E-84BC-FB6130F8F122}.Debug|Any CPU.ActiveCfg = Debug|Any CPU
		{1A16DE03-8040-4A5E-84BC-FB6130F8F122}.Debug|Any CPU.Build.0 = Debug|Any CPU
		{1A16DE03-8040-4A5E-84BC-FB6130F8F122}.Release|Any CPU.ActiveCfg = Release|Any CPU
		{1A16DE03-8040-4A5E-84BC-FB6130F8F122}.Release|Any CPU.Build.0 = Release|Any CPU
		{BD41A7EA-A72B-4DC5-9DB1-30731D0E8FD4}.Debug|Any CPU.ActiveCfg = Debug|Any CPU
		{BD41A7EA-A72B-4DC5-9DB1-30731D0E8FD4}.Debug|Any CPU.Build.0 = Debug|Any CPU
		{BD41A7EA-A72B-4DC5-9DB1-30731D0E8FD4}.Release|Any CPU.ActiveCfg = Release|Any CPU
		{BD41A7EA-A72B-4DC5-9DB1-30731D0E8FD4}.Release|Any CPU.Build.0 = Release|Any CPU
		{D3428312-1AC3-468B-AA02-E3373F4D3862}.Debug|Any CPU.ActiveCfg = Debug|Any CPU
		{D3428312-1AC3-468B-AA02-E3373F4D3862}.Debug|Any CPU.Build.0 = Debug|Any CPU
		{D3428312-1AC3-468B-AA02-E3373F4D3862}.Release|Any CPU.ActiveCfg = Release|Any CPU
		{D3428312-1AC3-468B-AA02-E3373F4D3862}.Release|Any CPU.Build.0 = Release|Any CPU
		{9008D88E-F446-4406-ADC5-2A44033E8077}.Debug|Any CPU.ActiveCfg = Debug|Any CPU
		{9008D88E-F446-4406-ADC5-2A44033E8077}.Debug|Any CPU.Build.0 = Debug|Any CPU
		{9008D88E-F446-4406-ADC5-2A44033E8077}.Release|Any CPU.ActiveCfg = Release|Any CPU
		{9008D88E-F446-4406-ADC5-2A44033E8077}.Release|Any CPU.Build.0 = Release|Any CPU
		{08DECFE6-7C0F-4445-A6D0-6107BD1A537C}.Debug|Any CPU.ActiveCfg = Debug|Any CPU
		{08DECFE6-7C0F-4445-A6D0-6107BD1A537C}.Debug|Any CPU.Build.0 = Debug|Any CPU
		{08DECFE6-7C0F-4445-A6D0-6107BD1A537C}.Release|Any CPU.ActiveCfg = Release|Any CPU
		{08DECFE6-7C0F-4445-A6D0-6107BD1A537C}.Release|Any CPU.Build.0 = Release|Any CPU
		{F28AF96E-6426-49EC-A04B-743DC0E03493}.Debug|Any CPU.ActiveCfg = Debug|Any CPU
		{F28AF96E-6426-49EC-A04B-743DC0E03493}.Debug|Any CPU.Build.0 = Debug|Any CPU
		{F28AF96E-6426-49EC-A04B-743DC0E03493}.Release|Any CPU.ActiveCfg = Release|Any CPU
		{F28AF96E-6426-49EC-A04B-743DC0E03493}.Release|Any CPU.Build.0 = Release|Any CPU
		{0B966775-64E4-48E4-9197-800B292090A1}.Debug|Any CPU.ActiveCfg = Debug|Any CPU
		{0B966775-64E4-48E4-9197-800B292090A1}.Debug|Any CPU.Build.0 = Debug|Any CPU
		{0B966775-64E4-48E4-9197-800B292090A1}.Release|Any CPU.ActiveCfg = Release|Any CPU
		{0B966775-64E4-48E4-9197-800B292090A1}.Release|Any CPU.Build.0 = Release|Any CPU
		{153AD1C3-1819-4507-ACBB-F96A3826127F}.Debug|Any CPU.ActiveCfg = Debug|Any CPU
		{153AD1C3-1819-4507-ACBB-F96A3826127F}.Debug|Any CPU.Build.0 = Debug|Any CPU
		{153AD1C3-1819-4507-ACBB-F96A3826127F}.Release|Any CPU.ActiveCfg = Release|Any CPU
		{153AD1C3-1819-4507-ACBB-F96A3826127F}.Release|Any CPU.Build.0 = Release|Any CPU
		{2CB69AB2-6922-4C4F-93B2-95541FF9A471}.Debug|Any CPU.ActiveCfg = Debug|Any CPU
		{2CB69AB2-6922-4C4F-93B2-95541FF9A471}.Debug|Any CPU.Build.0 = Debug|Any CPU
		{2CB69AB2-6922-4C4F-93B2-95541FF9A471}.Release|Any CPU.ActiveCfg = Release|Any CPU
		{2CB69AB2-6922-4C4F-93B2-95541FF9A471}.Release|Any CPU.Build.0 = Release|Any CPU
		{20A53BDC-8F97-410B-A8FD-1DB2710F3406}.Debug|Any CPU.ActiveCfg = Debug|Any CPU
		{20A53BDC-8F97-410B-A8FD-1DB2710F3406}.Debug|Any CPU.Build.0 = Debug|Any CPU
		{20A53BDC-8F97-410B-A8FD-1DB2710F3406}.Release|Any CPU.ActiveCfg = Release|Any CPU
		{20A53BDC-8F97-410B-A8FD-1DB2710F3406}.Release|Any CPU.Build.0 = Release|Any CPU
	EndGlobalSection
	GlobalSection(SolutionProperties) = preSolution
		HideSolutionNode = FALSE
	EndGlobalSection
	GlobalSection(NestedProjects) = preSolution
		{488388AF-C252-43AF-A529-EE986ACBF81A} = {CBDF9BC3-ADBB-41EE-BBDB-D6F1B6E912E2}
		{56A76E53-696F-42A6-9D77-2D6C77984E2E} = {CBDF9BC3-ADBB-41EE-BBDB-D6F1B6E912E2}
		{12EA1BF8-E86D-48B1-9B53-2198E1CA1C89} = {CBDF9BC3-ADBB-41EE-BBDB-D6F1B6E912E2}
		{9DE5DF78-41FA-47A5-8649-6F5098F350B1} = {34E15241-3C83-47B9-B21E-7914D7498A66}
		{D90BE41A-2659-4CED-8152-250BB281BF82} = {34E15241-3C83-47B9-B21E-7914D7498A66}
		{B1C69F00-548A-4755-B906-65E3D551ED8B} = {34E15241-3C83-47B9-B21E-7914D7498A66}
		{C3EB9710-DFB9-4A07-821A-3CAFF35926B0} = {30D1C336-C2D4-4D0C-892F-B264952A1088}
		{2F3393CF-BDED-4D5B-B7F9-00E649AFA6AF} = {30D1C336-C2D4-4D0C-892F-B264952A1088}
		{27FF0E05-EB95-480A-94E7-DBB29F51DAB0} = {30D1C336-C2D4-4D0C-892F-B264952A1088}
		{8B7A2BC8-9CD7-4ED6-ABAC-F84F12DD0AA9} = {D81FFF14-E3B2-417C-B9A4-1017F38672CE}
		{230456E9-9B4C-4FE2-9E40-5710DBB993AF} = {D81FFF14-E3B2-417C-B9A4-1017F38672CE}
		{1A16DE03-8040-4A5E-84BC-FB6130F8F122} = {D81FFF14-E3B2-417C-B9A4-1017F38672CE}
		{BD41A7EA-A72B-4DC5-9DB1-30731D0E8FD4} = {EBF3A453-6641-4921-BF31-EAE08D83E79F}
		{D3428312-1AC3-468B-AA02-E3373F4D3862} = {EBF3A453-6641-4921-BF31-EAE08D83E79F}
		{9008D88E-F446-4406-ADC5-2A44033E8077} = {EBF3A453-6641-4921-BF31-EAE08D83E79F}
		{08DECFE6-7C0F-4445-A6D0-6107BD1A537C} = {649926FA-8272-4CFD-BDC2-41AE03DCF573}
		{F28AF96E-6426-49EC-A04B-743DC0E03493} = {649926FA-8272-4CFD-BDC2-41AE03DCF573}
		{0B966775-64E4-48E4-9197-800B292090A1} = {649926FA-8272-4CFD-BDC2-41AE03DCF573}
		{153AD1C3-1819-4507-ACBB-F96A3826127F} = {3733DCA0-E868-4FAA-9090-6C8FB4C2C15E}
		{2CB69AB2-6922-4C4F-93B2-95541FF9A471} = {3733DCA0-E868-4FAA-9090-6C8FB4C2C15E}
		{20A53BDC-8F97-410B-A8FD-1DB2710F3406} = {3733DCA0-E868-4FAA-9090-6C8FB4C2C15E}
	EndGlobalSection
	GlobalSection(ExtensibilityGlobals) = postSolution
		SolutionGuid = {FF1C4A7F-AF21-4A9D-B149-AABDFAF782A9}
	EndGlobalSection
EndGlobal
